
Microsoft Visual Studio Solution File, Format Version 12.00
# Visual Studio Version 17
VisualStudioVersion = 17.11.35222.181
MinimumVisualStudioVersion = 10.0.40219.1
Project("{FAE04EC0-301F-11D3-BF4B-00C04F79EFBC}") = "Tutorial1", "Tutorial1\Tutorial1.csproj", "{D82469A8-C11B-4D83-BF95-07DB141F0A56}"
EndProject
Global
	GlobalSection(SolutionConfigurationPlatforms) = preSolution
		Debug|Any CPU = Debug|Any CPU
		Release|Any CPU = Release|Any CPU
	EndGlobalSection
	GlobalSection(ProjectConfigurationPlatforms) = postSolution
		{D82469A8-C11B-4D83-BF95-07DB141F0A56}.Debug|Any CPU.ActiveCfg = Debug|Any CPU
		{D82469A8-C11B-4D83-BF95-07DB141F0A56}.Debug|Any CPU.Build.0 = Debug|Any CPU
		{D82469A8-C11B-4D83-BF95-07DB141F0A56}.Release|Any CPU.ActiveCfg = Release|Any CPU
		{D82469A8-C11B-4D83-BF95-07DB141F0A56}.Release|Any CPU.Build.0 = Release|Any CPU
	EndGlobalSection
	GlobalSection(SolutionProperties) = preSolution
		HideSolutionNode = FALSE
	EndGlobalSection
	GlobalSection(ExtensibilityGlobals) = postSolution
		SolutionGuid = {23B52EA8-2CED-47C6-A290-72B9E846DAAF}
	EndGlobalSection
EndGlobal
